// !$*UTF8*$!
{
	archiveVersion = 1;
	classes = {
	};
	objectVersion = 56;
	objects = {

/* Begin PBXBuildFile section */
		677156072C9BA2CF006FCD8E /* AppDelegate.swift in Sources */ = {isa = PBXBuildFile; fileRef = 677156062C9BA2CF006FCD8E /* AppDelegate.swift */; };
		677156092C9BA2CF006FCD8E /* SceneDelegate.swift in Sources */ = {isa = PBXBuildFile; fileRef = 677156082C9BA2CF006FCD8E /* SceneDelegate.swift */; };
		677156102C9BA2D0006FCD8E /* Assets.xcassets in Resources */ = {isa = PBXBuildFile; fileRef = 6771560F2C9BA2D0006FCD8E /* Assets.xcassets */; };
		677156132C9BA2D0006FCD8E /* LaunchScreen.storyboard in Resources */ = {isa = PBXBuildFile; fileRef = 677156112C9BA2D0006FCD8E /* LaunchScreen.storyboard */; };
		677156262C9BCA47006FCD8E /* WeatherViewModel.swift in Sources */ = {isa = PBXBuildFile; fileRef = 677156202C9BCA47006FCD8E /* WeatherViewModel.swift */; };
		677156272C9BCA47006FCD8E /* WeatherModel.swift in Sources */ = {isa = PBXBuildFile; fileRef = 677156232C9BCA47006FCD8E /* WeatherModel.swift */; };
		677156282C9BCA47006FCD8E /* ViewController.swift in Sources */ = {isa = PBXBuildFile; fileRef = 677156252C9BCA47006FCD8E /* ViewController.swift */; };
		6771562C2C9BCEC1006FCD8E /* SceneDelegateCoordinator.swift in Sources */ = {isa = PBXBuildFile; fileRef = 6771562B2C9BCEC1006FCD8E /* SceneDelegateCoordinator.swift */; };
		677156402C9C52D3006FCD8E /* WeatherViewModelTests.swift in Sources */ = {isa = PBXBuildFile; fileRef = 6771563F2C9C52D3006FCD8E /* WeatherViewModelTests.swift */; };
		677156422C9C6A19006FCD8E /* location.gpx in Resources */ = {isa = PBXBuildFile; fileRef = 677156412C9C6A19006FCD8E /* location.gpx */; };
/* End PBXBuildFile section */

/* Begin PBXContainerItemProxy section */
		6771563A2C9C52AB006FCD8E /* PBXContainerItemProxy */ = {
			isa = PBXContainerItemProxy;
			containerPortal = 677155FB2C9BA2CF006FCD8E /* Project object */;
			proxyType = 1;
			remoteGlobalIDString = 677156022C9BA2CF006FCD8E;
			remoteInfo = WeatherApp;
		};
/* End PBXContainerItemProxy section */

/* Begin PBXFileReference section */
		677156032C9BA2CF006FCD8E /* WeatherApp.app */ = {isa = PBXFileReference; explicitFileType = wrapper.application; includeInIndex = 0; path = WeatherApp.app; sourceTree = BUILT_PRODUCTS_DIR; };
		677156062C9BA2CF006FCD8E /* AppDelegate.swift */ = {isa = PBXFileReference; lastKnownFileType = sourcecode.swift; path = AppDelegate.swift; sourceTree = "<group>"; };
		677156082C9BA2CF006FCD8E /* SceneDelegate.swift */ = {isa = PBXFileReference; lastKnownFileType = sourcecode.swift; path = SceneDelegate.swift; sourceTree = "<group>"; };
		6771560F2C9BA2D0006FCD8E /* Assets.xcassets */ = {isa = PBXFileReference; lastKnownFileType = folder.assetcatalog; path = Assets.xcassets; sourceTree = "<group>"; };
		677156122C9BA2D0006FCD8E /* Base */ = {isa = PBXFileReference; lastKnownFileType = file.storyboard; name = Base; path = Base.lproj/LaunchScreen.storyboard; sourceTree = "<group>"; };
		677156142C9BA2D0006FCD8E /* Info.plist */ = {isa = PBXFileReference; lastKnownFileType = text.plist.xml; path = Info.plist; sourceTree = "<group>"; };
		677156202C9BCA47006FCD8E /* WeatherViewModel.swift */ = {isa = PBXFileReference; fileEncoding = 4; lastKnownFileType = sourcecode.swift; path = WeatherViewModel.swift; sourceTree = "<group>"; };
		677156232C9BCA47006FCD8E /* WeatherModel.swift */ = {isa = PBXFileReference; fileEncoding = 4; lastKnownFileType = sourcecode.swift; path = WeatherModel.swift; sourceTree = "<group>"; };
		677156252C9BCA47006FCD8E /* ViewController.swift */ = {isa = PBXFileReference; fileEncoding = 4; lastKnownFileType = sourcecode.swift; path = ViewController.swift; sourceTree = "<group>"; };
		6771562B2C9BCEC1006FCD8E /* SceneDelegateCoordinator.swift */ = {isa = PBXFileReference; fileEncoding = 4; lastKnownFileType = sourcecode.swift; path = SceneDelegateCoordinator.swift; sourceTree = "<group>"; };
		677156362C9C52AB006FCD8E /* WeatherAppTests.xctest */ = {isa = PBXFileReference; explicitFileType = wrapper.cfbundle; includeInIndex = 0; path = WeatherAppTests.xctest; sourceTree = BUILT_PRODUCTS_DIR; };
		6771563F2C9C52D3006FCD8E /* WeatherViewModelTests.swift */ = {isa = PBXFileReference; fileEncoding = 4; lastKnownFileType = sourcecode.swift; path = WeatherViewModelTests.swift; sourceTree = "<group>"; };
		677156412C9C6A19006FCD8E /* location.gpx */ = {isa = PBXFileReference; fileEncoding = 4; lastKnownFileType = text.xml; path = location.gpx; sourceTree = "<group>"; };
/* End PBXFileReference section */

/* Begin PBXFrameworksBuildPhase section */
		677156002C9BA2CF006FCD8E /* Frameworks */ = {
			isa = PBXFrameworksBuildPhase;
			buildActionMask = 2147483647;
			files = (
			);
			runOnlyForDeploymentPostprocessing = 0;
		};
		677156332C9C52AB006FCD8E /* Frameworks */ = {
			isa = PBXFrameworksBuildPhase;
			buildActionMask = 2147483647;
			files = (
			);
			runOnlyForDeploymentPostprocessing = 0;
		};
/* End PBXFrameworksBuildPhase section */

/* Begin PBXGroup section */
		677155FA2C9BA2CF006FCD8E = {
			isa = PBXGroup;
			children = (
				677156052C9BA2CF006FCD8E /* WeatherApp */,
				677156372C9C52AB006FCD8E /* WeatherAppTests */,
				677156042C9BA2CF006FCD8E /* Products */,
			);
			sourceTree = "<group>";
		};
		677156042C9BA2CF006FCD8E /* Products */ = {
			isa = PBXGroup;
			children = (
				677156032C9BA2CF006FCD8E /* WeatherApp.app */,
				677156362C9C52AB006FCD8E /* WeatherAppTests.xctest */,
			);
			name = Products;
			sourceTree = "<group>";
		};
		677156052C9BA2CF006FCD8E /* WeatherApp */ = {
			isa = PBXGroup;
			children = (
				677156062C9BA2CF006FCD8E /* AppDelegate.swift */,
				677156082C9BA2CF006FCD8E /* SceneDelegate.swift */,
				6771562B2C9BCEC1006FCD8E /* SceneDelegateCoordinator.swift */,
				6771561E2C9BCA47006FCD8E /* Weather */,
				6771560F2C9BA2D0006FCD8E /* Assets.xcassets */,
				677156112C9BA2D0006FCD8E /* LaunchScreen.storyboard */,
				677156142C9BA2D0006FCD8E /* Info.plist */,
				677156412C9C6A19006FCD8E /* location.gpx */,
			);
			path = WeatherApp;
			sourceTree = "<group>";
		};
		6771561E2C9BCA47006FCD8E /* Weather */ = {
			isa = PBXGroup;
			children = (
				6771561F2C9BCA47006FCD8E /* ViewModel */,
				677156222C9BCA47006FCD8E /* Model */,
				677156242C9BCA47006FCD8E /* View */,
			);
			path = Weather;
			sourceTree = "<group>";
		};
		6771561F2C9BCA47006FCD8E /* ViewModel */ = {
			isa = PBXGroup;
			children = (
				677156202C9BCA47006FCD8E /* WeatherViewModel.swift */,
			);
			path = ViewModel;
			sourceTree = "<group>";
		};
		677156222C9BCA47006FCD8E /* Model */ = {
			isa = PBXGroup;
			children = (
				677156232C9BCA47006FCD8E /* WeatherModel.swift */,
			);
			path = Model;
			sourceTree = "<group>";
		};
		677156242C9BCA47006FCD8E /* View */ = {
			isa = PBXGroup;
			children = (
				677156252C9BCA47006FCD8E /* ViewController.swift */,
			);
			path = View;
			sourceTree = "<group>";
		};
		677156372C9C52AB006FCD8E /* WeatherAppTests */ = {
			isa = PBXGroup;
			children = (
				6771563F2C9C52D3006FCD8E /* WeatherViewModelTests.swift */,
			);
			path = WeatherAppTests;
			sourceTree = "<group>";
		};
/* End PBXGroup section */

/* Begin PBXNativeTarget section */
		677156022C9BA2CF006FCD8E /* WeatherApp */ = {
			isa = PBXNativeTarget;
			buildConfigurationList = 677156172C9BA2D0006FCD8E /* Build configuration list for PBXNativeTarget "WeatherApp" */;
			buildPhases = (
				677155FF2C9BA2CF006FCD8E /* Sources */,
				677156002C9BA2CF006FCD8E /* Frameworks */,
				677156012C9BA2CF006FCD8E /* Resources */,
			);
			buildRules = (
			);
			dependencies = (
			);
			name = WeatherApp;
			productName = WeatherApp;
			productReference = 677156032C9BA2CF006FCD8E /* WeatherApp.app */;
			productType = "com.apple.product-type.application";
		};
		677156352C9C52AB006FCD8E /* WeatherAppTests */ = {
			isa = PBXNativeTarget;
			buildConfigurationList = 6771563C2C9C52AB006FCD8E /* Build configuration list for PBXNativeTarget "WeatherAppTests" */;
			buildPhases = (
				677156322C9C52AB006FCD8E /* Sources */,
				677156332C9C52AB006FCD8E /* Frameworks */,
				677156342C9C52AB006FCD8E /* Resources */,
			);
			buildRules = (
			);
			dependencies = (
				6771563B2C9C52AB006FCD8E /* PBXTargetDependency */,
			);
			name = WeatherAppTests;
			productName = WeatherAppTests;
			productReference = 677156362C9C52AB006FCD8E /* WeatherAppTests.xctest */;
			productType = "com.apple.product-type.bundle.unit-test";
		};
/* End PBXNativeTarget section */

/* Begin PBXProject section */
		677155FB2C9BA2CF006FCD8E /* Project object */ = {
			isa = PBXProject;
			attributes = {
				BuildIndependentTargetsInParallel = 1;
				LastSwiftUpdateCheck = 1410;
				LastUpgradeCheck = 1410;
				TargetAttributes = {
					677156022C9BA2CF006FCD8E = {
						CreatedOnToolsVersion = 14.1;
					};
					677156352C9C52AB006FCD8E = {
						CreatedOnToolsVersion = 14.1;
						TestTargetID = 677156022C9BA2CF006FCD8E;
					};
				};
			};
			buildConfigurationList = 677155FE2C9BA2CF006FCD8E /* Build configuration list for PBXProject "WeatherApp" */;
			compatibilityVersion = "Xcode 14.0";
			developmentRegion = en;
			hasScannedForEncodings = 0;
			knownRegions = (
				en,
				Base,
			);
			mainGroup = 677155FA2C9BA2CF006FCD8E;
			productRefGroup = 677156042C9BA2CF006FCD8E /* Products */;
			projectDirPath = "";
			projectRoot = "";
			targets = (
				677156022C9BA2CF006FCD8E /* WeatherApp */,
				677156352C9C52AB006FCD8E /* WeatherAppTests */,
			);
		};
/* End PBXProject section */

/* Begin PBXResourcesBuildPhase section */
		677156012C9BA2CF006FCD8E /* Resources */ = {
			isa = PBXResourcesBuildPhase;
			buildActionMask = 2147483647;
			files = (
				677156132C9BA2D0006FCD8E /* LaunchScreen.storyboard in Resources */,
				677156422C9C6A19006FCD8E /* location.gpx in Resources */,
				677156102C9BA2D0006FCD8E /* Assets.xcassets in Resources */,
			);
			runOnlyForDeploymentPostprocessing = 0;
		};
		677156342C9C52AB006FCD8E /* Resources */ = {
			isa = PBXResourcesBuildPhase;
			buildActionMask = 2147483647;
			files = (
			);
			runOnlyForDeploymentPostprocessing = 0;
		};
/* End PBXResourcesBuildPhase section */

/* Begin PBXSourcesBuildPhase section */
		677155FF2C9BA2CF006FCD8E /* Sources */ = {
			isa = PBXSourcesBuildPhase;
			buildActionMask = 2147483647;
			files = (
				6771562C2C9BCEC1006FCD8E /* SceneDelegateCoordinator.swift in Sources */,
				677156282C9BCA47006FCD8E /* ViewController.swift in Sources */,
				677156072C9BA2CF006FCD8E /* AppDelegate.swift in Sources */,
				677156262C9BCA47006FCD8E /* WeatherViewModel.swift in Sources */,
				677156092C9BA2CF006FCD8E /* SceneDelegate.swift in Sources */,
				677156272C9BCA47006FCD8E /* WeatherModel.swift in Sources */,
			);
			runOnlyForDeploymentPostprocessing = 0;
		};
		677156322C9C52AB006FCD8E /* Sources */ = {
			isa = PBXSourcesBuildPhase;
			buildActionMask = 2147483647;
			files = (
				677156402C9C52D3006FCD8E /* WeatherViewModelTests.swift in Sources */,
			);
			runOnlyForDeploymentPostprocessing = 0;
		};
/* End PBXSourcesBuildPhase section */

/* Begin PBXTargetDependency section */
		6771563B2C9C52AB006FCD8E /* PBXTargetDependency */ = {
			isa = PBXTargetDependency;
			target = 677156022C9BA2CF006FCD8E /* WeatherApp */;
			targetProxy = 6771563A2C9C52AB006FCD8E /* PBXContainerItemProxy */;
		};
/* End PBXTargetDependency section */

/* Begin PBXVariantGroup section */
		677156112C9BA2D0006FCD8E /* LaunchScreen.storyboard */ = {
			isa = PBXVariantGroup;
			children = (
				677156122C9BA2D0006FCD8E /* Base */,
			);
			name = LaunchScreen.storyboard;
			sourceTree = "<group>";
		};
/* End PBXVariantGroup section */

/* Begin XCBuildConfiguration section */
		677156152C9BA2D0006FCD8E /* Debug */ = {
			isa = XCBuildConfiguration;
			buildSettings = {
				ALWAYS_SEARCH_USER_PATHS = NO;
				CLANG_ANALYZER_NONNULL = YES;
				CLANG_ANALYZER_NUMBER_OBJECT_CONVERSION = YES_AGGRESSIVE;
				CLANG_CXX_LANGUAGE_STANDARD = "gnu++20";
				CLANG_ENABLE_MODULES = YES;
				CLANG_ENABLE_OBJC_ARC = YES;
				CLANG_ENABLE_OBJC_WEAK = YES;
				CLANG_WARN_BLOCK_CAPTURE_AUTORELEASING = YES;
				CLANG_WARN_BOOL_CONVERSION = YES;
				CLANG_WARN_COMMA = YES;
				CLANG_WARN_CONSTANT_CONVERSION = YES;
				CLANG_WARN_DEPRECATED_OBJC_IMPLEMENTATIONS = YES;
				CLANG_WARN_DIRECT_OBJC_ISA_USAGE = YES_ERROR;
				CLANG_WARN_DOCUMENTATION_COMMENTS = YES;
				CLANG_WARN_EMPTY_BODY = YES;
				CLANG_WARN_ENUM_CONVERSION = YES;
				CLANG_WARN_INFINITE_RECURSION = YES;
				CLANG_WARN_INT_CONVERSION = YES;
				CLANG_WARN_NON_LITERAL_NULL_CONVERSION = YES;
				CLANG_WARN_OBJC_IMPLICIT_RETAIN_SELF = YES;
				CLANG_WARN_OBJC_LITERAL_CONVERSION = YES;
				CLANG_WARN_OBJC_ROOT_CLASS = YES_ERROR;
				CLANG_WARN_QUOTED_INCLUDE_IN_FRAMEWORK_HEADER = YES;
				CLANG_WARN_RANGE_LOOP_ANALYSIS = YES;
				CLANG_WARN_STRICT_PROTOTYPES = YES;
				CLANG_WARN_SUSPICIOUS_MOVE = YES;
				CLANG_WARN_UNGUARDED_AVAILABILITY = YES_AGGRESSIVE;
				CLANG_WARN_UNREACHABLE_CODE = YES;
				CLANG_WARN__DUPLICATE_METHOD_MATCH = YES;
				COPY_PHASE_STRIP = NO;
				DEBUG_INFORMATION_FORMAT = dwarf;
				ENABLE_STRICT_OBJC_MSGSEND = YES;
				ENABLE_TESTABILITY = YES;
				GCC_C_LANGUAGE_STANDARD = gnu11;
				GCC_DYNAMIC_NO_PIC = NO;
				GCC_NO_COMMON_BLOCKS = YES;
				GCC_OPTIMIZATION_LEVEL = 0;
				GCC_PREPROCESSOR_DEFINITIONS = (
					"DEBUG=1",
					"$(inherited)",
				);
				GCC_WARN_64_TO_32_BIT_CONVERSION = YES;
				GCC_WARN_ABOUT_RETURN_TYPE = YES_ERROR;
				GCC_WARN_UNDECLARED_SELECTOR = YES;
				GCC_WARN_UNINITIALIZED_AUTOS = YES_AGGRESSIVE;
				GCC_WARN_UNUSED_FUNCTION = YES;
				GCC_WARN_UNUSED_VARIABLE = YES;
				IPHONEOS_DEPLOYMENT_TARGET = 16.1;
				MTL_ENABLE_DEBUG_INFO = INCLUDE_SOURCE;
				MTL_FAST_MATH = YES;
				ONLY_ACTIVE_ARCH = YES;
				SDKROOT = iphoneos;
				SWIFT_ACTIVE_COMPILATION_CONDITIONS = DEBUG;
				SWIFT_OPTIMIZATION_LEVEL = "-Onone";
			};
			name = Debug;
		};
		677156162C9BA2D0006FCD8E /* Release */ = {
			isa = XCBuildConfiguration;
			buildSettings = {
				ALWAYS_SEARCH_USER_PATHS = NO;
				CLANG_ANALYZER_NONNULL = YES;
				CLANG_ANALYZER_NUMBER_OBJECT_CONVERSION = YES_AGGRESSIVE;
				CLANG_CXX_LANGUAGE_STANDARD = "gnu++20";
				CLANG_ENABLE_MODULES = YES;
				CLANG_ENABLE_OBJC_ARC = YES;
				CLANG_ENABLE_OBJC_WEAK = YES;
				CLANG_WARN_BLOCK_CAPTURE_AUTORELEASING = YES;
				CLANG_WARN_BOOL_CONVERSION = YES;
				CLANG_WARN_COMMA = YES;
				CLANG_WARN_CONSTANT_CONVERSION = YES;
				CLANG_WARN_DEPRECATED_OBJC_IMPLEMENTATIONS = YES;
				CLANG_WARN_DIRECT_OBJC_ISA_USAGE = YES_ERROR;
				CLANG_WARN_DOCUMENTATION_COMMENTS = YES;
				CLANG_WARN_EMPTY_BODY = YES;
				CLANG_WARN_ENUM_CONVERSION = YES;
				CLANG_WARN_INFINITE_RECURSION = YES;
				CLANG_WARN_INT_CONVERSION = YES;
				CLANG_WARN_NON_LITERAL_NULL_CONVERSION = YES;
				CLANG_WARN_OBJC_IMPLICIT_RETAIN_SELF = YES;
				CLANG_WARN_OBJC_LITERAL_CONVERSION = YES;
				CLANG_WARN_OBJC_ROOT_CLASS = YES_ERROR;
				CLANG_WARN_QUOTED_INCLUDE_IN_FRAMEWORK_HEADER = YES;
				CLANG_WARN_RANGE_LOOP_ANALYSIS = YES;
				CLANG_WARN_STRICT_PROTOTYPES = YES;
				CLANG_WARN_SUSPICIOUS_MOVE = YES;
				CLANG_WARN_UNGUARDED_AVAILABILITY = YES_AGGRESSIVE;
				CLANG_WARN_UNREACHABLE_CODE = YES;
				CLANG_WARN__DUPLICATE_METHOD_MATCH = YES;
				COPY_PHASE_STRIP = NO;
				DEBUG_INFORMATION_FORMAT = "dwarf-with-dsym";
				ENABLE_NS_ASSERTIONS = NO;
				ENABLE_STRICT_OBJC_MSGSEND = YES;
				GCC_C_LANGUAGE_STANDARD = gnu11;
				GCC_NO_COMMON_BLOCKS = YES;
				GCC_WARN_64_TO_32_BIT_CONVERSION = YES;
				GCC_WARN_ABOUT_RETURN_TYPE = YES_ERROR;
				GCC_WARN_UNDECLARED_SELECTOR = YES;
				GCC_WARN_UNINITIALIZED_AUTOS = YES_AGGRESSIVE;
				GCC_WARN_UNUSED_FUNCTION = YES;
				GCC_WARN_UNUSED_VARIABLE = YES;
				IPHONEOS_DEPLOYMENT_TARGET = 16.1;
				MTL_ENABLE_DEBUG_INFO = NO;
				MTL_FAST_MATH = YES;
				SDKROOT = iphoneos;
				SWIFT_COMPILATION_MODE = wholemodule;
				SWIFT_OPTIMIZATION_LEVEL = "-O";
				VALIDATE_PRODUCT = YES;
			};
			name = Release;
		};
		677156182C9BA2D0006FCD8E /* Debug */ = {
			isa = XCBuildConfiguration;
			buildSettings = {
				ASSETCATALOG_COMPILER_APPICON_NAME = AppIcon;
				ASSETCATALOG_COMPILER_GLOBAL_ACCENT_COLOR_NAME = AccentColor;
				CODE_SIGN_STYLE = Automatic;
				CURRENT_PROJECT_VERSION = 1;
				GENERATE_INFOPLIST_FILE = YES;
				INFOPLIST_FILE = WeatherApp/Info.plist;
				INFOPLIST_KEY_UIApplicationSupportsIndirectInputEvents = YES;
				INFOPLIST_KEY_UILaunchStoryboardName = LaunchScreen;
				INFOPLIST_KEY_UISupportedInterfaceOrientations_iPad = "UIInterfaceOrientationPortrait UIInterfaceOrientationPortraitUpsideDown UIInterfaceOrientationLandscapeLeft UIInterfaceOrientationLandscapeRight";
				INFOPLIST_KEY_UISupportedInterfaceOrientations_iPhone = "UIInterfaceOrientationPortrait UIInterfaceOrientationLandscapeLeft UIInterfaceOrientationLandscapeRight";
				IPHONEOS_DEPLOYMENT_TARGET = 15.0;
				LD_RUNPATH_SEARCH_PATHS = (
					"$(inherited)",
					"@executable_path/Frameworks",
				);
				MARKETING_VERSION = 1.0;
				PRODUCT_BUNDLE_IDENTIFIER = com.myCompany.WeatherApp;
				PRODUCT_NAME = "$(TARGET_NAME)";
				SWIFT_EMIT_LOC_STRINGS = YES;
				SWIFT_VERSION = 5.0;
				TARGETED_DEVICE_FAMILY = "1,2";
			};
			name = Debug;
		};
		677156192C9BA2D0006FCD8E /* Release */ = {
			isa = XCBuildConfiguration;
			buildSettings = {
				ASSETCATALOG_COMPILER_APPICON_NAME = AppIcon;
				ASSETCATALOG_COMPILER_GLOBAL_ACCENT_COLOR_NAME = AccentColor;
				CODE_SIGN_STYLE = Automatic;
				CURRENT_PROJECT_VERSION = 1;
				GENERATE_INFOPLIST_FILE = YES;
				INFOPLIST_FILE = WeatherApp/Info.plist;
				INFOPLIST_KEY_UIApplicationSupportsIndirectInputEvents = YES;
				INFOPLIST_KEY_UILaunchStoryboardName = LaunchScreen;
				INFOPLIST_KEY_UISupportedInterfaceOrientations_iPad = "UIInterfaceOrientationPortrait UIInterfaceOrientationPortraitUpsideDown UIInterfaceOrientationLandscapeLeft UIInterfaceOrientationLandscapeRight";
				INFOPLIST_KEY_UISupportedInterfaceOrientations_iPhone = "UIInterfaceOrientationPortrait UIInterfaceOrientationLandscapeLeft UIInterfaceOrientationLandscapeRight";
				IPHONEOS_DEPLOYMENT_TARGET = 15.0;
				LD_RUNPATH_SEARCH_PATHS = (
					"$(inherited)",
					"@executable_path/Frameworks",
				);
				MARKETING_VERSION = 1.0;
				PRODUCT_BUNDLE_IDENTIFIER = com.myCompany.WeatherApp;
				PRODUCT_NAME = "$(TARGET_NAME)";
				SWIFT_EMIT_LOC_STRINGS = YES;
				SWIFT_VERSION = 5.0;
				TARGETED_DEVICE_FAMILY = "1,2";
			};
			name = Release;
		};
		6771563D2C9C52AB006FCD8E /* Debug */ = {
			isa = XCBuildConfiguration;
			buildSettings = {
				BUNDLE_LOADER = "$(TEST_HOST)";
				CODE_SIGN_STYLE = Automatic;
				CURRENT_PROJECT_VERSION = 1;
				GENERATE_INFOPLIST_FILE = YES;
				MARKETING_VERSION = 1.0;
				PRODUCT_BUNDLE_IDENTIFIER = com.myCompany.WeatherAppTests;
				PRODUCT_NAME = "$(TARGET_NAME)";
				SWIFT_EMIT_LOC_STRINGS = NO;
				SWIFT_VERSION = 5.0;
				TARGETED_DEVICE_FAMILY = "1,2";
				TEST_HOST = "$(BUILT_PRODUCTS_DIR)/WeatherApp.app/$(BUNDLE_EXECUTABLE_FOLDER_PATH)/WeatherApp";
			};
			name = Debug;
		};
		6771563E2C9C52AB006FCD8E /* Release */ = {
			isa = XCBuildConfiguration;
			buildSettings = {
				BUNDLE_LOADER = "$(TEST_HOST)";
				CODE_SIGN_STYLE = Automatic;
				CURRENT_PROJECT_VERSION = 1;
				GENERATE_INFOPLIST_FILE = YES;
				MARKETING_VERSION = 1.0;
				PRODUCT_BUNDLE_IDENTIFIER = com.myCompany.WeatherAppTests;
				PRODUCT_NAME = "$(TARGET_NAME)";
				SWIFT_EMIT_LOC_STRINGS = NO;
				SWIFT_VERSION = 5.0;
				TARGETED_DEVICE_FAMILY = "1,2";
				TEST_HOST = "$(BUILT_PRODUCTS_DIR)/WeatherApp.app/$(BUNDLE_EXECUTABLE_FOLDER_PATH)/WeatherApp";
			};
			name = Release;
		};
/* End XCBuildConfiguration section */

/* Begin XCConfigurationList section */
		677155FE2C9BA2CF006FCD8E /* Build configuration list for PBXProject "WeatherApp" */ = {
			isa = XCConfigurationList;
			buildConfigurations = (
				677156152C9BA2D0006FCD8E /* Debug */,
				677156162C9BA2D0006FCD8E /* Release */,
			);
			defaultConfigurationIsVisible = 0;
			defaultConfigurationName = Release;
		};
		677156172C9BA2D0006FCD8E /* Build configuration list for PBXNativeTarget "WeatherApp" */ = {
			isa = XCConfigurationList;
			buildConfigurations = (
				677156182C9BA2D0006FCD8E /* Debug */,
				677156192C9BA2D0006FCD8E /* Release */,
			);
			defaultConfigurationIsVisible = 0;
			defaultConfigurationName = Release;
		};
		6771563C2C9C52AB006FCD8E /* Build configuration list for PBXNativeTarget "WeatherAppTests" */ = {
			isa = XCConfigurationList;
			buildConfigurations = (
				6771563D2C9C52AB006FCD8E /* Debug */,
				6771563E2C9C52AB006FCD8E /* Release */,
			);
			defaultConfigurationIsVisible = 0;
			defaultConfigurationName = Release;
		};
/* End XCConfigurationList section */
	};
	rootObject = 677155FB2C9BA2CF006FCD8E /* Project object */;
}
